
Microsoft Visual Studio Solution File, Format Version 12.00
# Visual Studio Version 16
VisualStudioVersion = 16.0.28803.452
MinimumVisualStudioVersion = 10.0.40219.1
Project("{FAE04EC0-301F-11D3-BF4B-00C04F79EFBC}") = "ats", "ats\ats.csproj", "{B9EE4F57-C73D-48D2-BB4F-AB67076E85EB}"
EndProject
Global
	GlobalSection(SolutionConfigurationPlatforms) = preSolution
		Debug|Any CPU = Debug|Any CPU
		Release|Any CPU = Release|Any CPU
	EndGlobalSection
	GlobalSection(ProjectConfigurationPlatforms) = postSolution
		{B9EE4F57-C73D-48D2-BB4F-AB67076E85EB}.Debug|Any CPU.ActiveCfg = Debug|Any CPU
		{B9EE4F57-C73D-48D2-BB4F-AB67076E85EB}.Debug|Any CPU.Build.0 = Debug|Any CPU
		{B9EE4F57-C73D-48D2-BB4F-AB67076E85EB}.Release|Any CPU.ActiveCfg = Release|Any CPU
		{B9EE4F57-C73D-48D2-BB4F-AB67076E85EB}.Release|Any CPU.Build.0 = Release|Any CPU
	EndGlobalSection
	GlobalSection(SolutionProperties) = preSolution
		HideSolutionNode = FALSE
	EndGlobalSection
	GlobalSection(ExtensibilityGlobals) = postSolution
		SolutionGuid = {925A74F5-79B5-4B01-AEC5-D84B7CC7570A}
	EndGlobalSection
EndGlobal
